<?xml version="1.0" encoding="utf-8"?>
<Project ToolsVersion="4.0" xmlns="http://schemas.microsoft.com/developer/msbuild/2003">
  <ItemGroup>
    <Filter Include="Source Files">
      <UniqueIdentifier>{4FC737F1-C7A5-4376-A066-2A32D752A2FF}</UniqueIdentifier>
      <Extensions>cpp;c;cc;cxx;def;odl;idl;hpj;bat;asm;asmx</Extensions>
    </Filter>
    <Filter Include="Header Files">
      <UniqueIdentifier>{93995380-89BD-4b04-88EB-625FBE52EBFB}</UniqueIdentifier>
      <Extensions>h;hh;hpp;hxx;hm;inl;inc;xsd</Extensions>
    </Filter>
    <Filter Include="Resource Files">
      <UniqueIdentifier>{67DA6AB6-F800-4c08-8B7A-83BB121AAD01}</UniqueIdentifier>
      <Extensions>rc;ico;cur;bmp;dlg;rc2;rct;bin;rgs;gif;jpg;jpeg;jpe;resx;tiff;tif;png;wav;mfcribbon-ms</Extensions>
    </Filter>
    <Filter Include="Source Files\External">
      <UniqueIdentifier>{5a0b1d2e-4d45-469b-99be-4bfc6b292250}</UniqueIdentifier>
    </Filter>
  </ItemGroup>
  <ItemGroup>
    <ClCompile Include="MathUtils.cpp">
      <Filter>Source Files</Filter>
    </ClCompile>
    <ClCompile Include="Render.cpp">
      <Filter>Source Files</Filter>
    </ClCompile>
    <ClCompile Include="Rasterizer.cpp">
      <Filter>Source Files</Filter>
    </ClCompile>
    <ClCompile Include="External\pow2assert.cpp">
      <Filter>Source Files\External</Filter>
    </ClCompile>
    <ClCompile Include="Log_win32.cpp">
      <Filter>Source Files</Filter>
    </ClCompile>
    <ClCompile Include="Main_win32.cpp">
      <Filter>Source Files</Filter>
    </ClCompile>
    <ClCompile Include="DebugTimer_win32.cpp">
      <Filter>Source Files</Filter>
    </ClCompile>
  </ItemGroup>
  <ItemGroup>
    <ClInclude Include="Log.h">
      <Filter>Source Files</Filter>
    </ClInclude>
    <ClInclude Include="MathUtils.h">
      <Filter>Source Files</Filter>
    </ClInclude>
    <ClInclude Include="SizeOfArray.h">
      <Filter>Source Files</Filter>
    </ClInclude>
    <ClInclude Include="Rasterizer.h">
      <Filter>Source Files</Filter>
    </ClInclude>
    <ClInclude Include="Geometry.h">
      <Filter>Source Files</Filter>
    </ClInclude>
    <ClInclude Include="External\pow2assert.h">
      <Filter>Source Files\External</Filter>
    </ClInclude>
    <ClInclude Include="DebugTimer.h">
      <Filter>Source Files</Filter>
    </ClInclude>
  </ItemGroup>
</Project>